Microsoft Visual Studio Solution File, Format Version 12.00
# Visual Studio 2012
Project("{FAE04EC0-301F-11D3-BF4B-00C04F79EFBC}") = "pong clone", "pong clone.csproj", "{464D86A7-93B3-43A1-8245-3A9E37451F7F}"
EndProject
Global
	GlobalSection(SolutionConfigurationPlatforms) = preSolution
	Debug|Any CPU = Debug|Any CPU
	ExportDebug|Any CPU = ExportDebug|Any CPU
	ExportRelease|Any CPU = ExportRelease|Any CPU
	EndGlobalSection
	GlobalSection(ProjectConfigurationPlatforms) = postSolution
		{464D86A7-93B3-43A1-8245-3A9E37451F7F}.Debug|Any CPU.ActiveCfg = Debug|Any CPU
		{464D86A7-93B3-43A1-8245-3A9E37451F7F}.Debug|Any CPU.Build.0 = Debug|Any CPU
		{464D86A7-93B3-43A1-8245-3A9E37451F7F}.ExportDebug|Any CPU.ActiveCfg = ExportDebug|Any CPU
		{464D86A7-93B3-43A1-8245-3A9E37451F7F}.ExportDebug|Any CPU.Build.0 = ExportDebug|Any CPU
		{464D86A7-93B3-43A1-8245-3A9E37451F7F}.ExportRelease|Any CPU.ActiveCfg = ExportRelease|Any CPU
		{464D86A7-93B3-43A1-8245-3A9E37451F7F}.ExportRelease|Any CPU.Build.0 = ExportRelease|Any CPU
	EndGlobalSection
EndGlobal
